// !$*UTF8*$!
{
	archiveVersion = 1;
	classes = {
	};
	objectVersion = 56;
	objects = {

/* Begin PBXBuildFile section */
		32CB01FD2E17CBC7007E76FE /* SwiftUI_ScrollList_1App.swift in Sources */ = {isa = PBXBuildFile; fileRef = 32CB01FC2E17CBC7007E76FE /* SwiftUI_ScrollList_1App.swift */; };
		32CB01FF2E17CBC7007E76FE /* ContentView.swift in Sources */ = {isa = PBXBuildFile; fileRef = 32CB01FE2E17CBC7007E76FE /* ContentView.swift */; };
		32CB02012E17CBC9007E76FE /* Assets.xcassets in Resources */ = {isa = PBXBuildFile; fileRef = 32CB02002E17CBC9007E76FE /* Assets.xcassets */; };
		32CB02042E17CBC9007E76FE /* Preview Assets.xcassets in Resources */ = {isa = PBXBuildFile; fileRef = 32CB02032E17CBC9007E76FE /* Preview Assets.xcassets */; };
		32CB020E2E17CBC9007E76FE /* SwiftUI_ScrollList_1Tests.swift in Sources */ = {isa = PBXBuildFile; fileRef = 32CB020D2E17CBC9007E76FE /* SwiftUI_ScrollList_1Tests.swift */; };
		32CB02182E17CBC9007E76FE /* SwiftUI_ScrollList_1UITests.swift in Sources */ = {isa = PBXBuildFile; fileRef = 32CB02172E17CBC9007E76FE /* SwiftUI_ScrollList_1UITests.swift */; };
		32CB021A2E17CBC9007E76FE /* SwiftUI_ScrollList_1UITestsLaunchTests.swift in Sources */ = {isa = PBXBuildFile; fileRef = 32CB02192E17CBC9007E76FE /* SwiftUI_ScrollList_1UITestsLaunchTests.swift */; };
/* End PBXBuildFile section */

/* Begin PBXContainerItemProxy section */
		32CB020A2E17CBC9007E76FE /* PBXContainerItemProxy */ = {
			isa = PBXContainerItemProxy;
			containerPortal = 32CB01F12E17CBC7007E76FE /* Project object */;
			proxyType = 1;
			remoteGlobalIDString = 32CB01F82E17CBC7007E76FE;
			remoteInfo = "SwiftUI-ScrollList-1";
		};
		32CB02142E17CBC9007E76FE /* PBXContainerItemProxy */ = {
			isa = PBXContainerItemProxy;
			containerPortal = 32CB01F12E17CBC7007E76FE /* Project object */;
			proxyType = 1;
			remoteGlobalIDString = 32CB01F82E17CBC7007E76FE;
			remoteInfo = "SwiftUI-ScrollList-1";
		};
/* End PBXContainerItemProxy section */

/* Begin PBXFileReference section */
		32CB01F92E17CBC7007E76FE /* SwiftUI-ScrollList-1.app */ = {isa = PBXFileReference; explicitFileType = wrapper.application; includeInIndex = 0; path = "SwiftUI-ScrollList-1.app"; sourceTree = BUILT_PRODUCTS_DIR; };
		32CB01FC2E17CBC7007E76FE /* SwiftUI_ScrollList_1App.swift */ = {isa = PBXFileReference; lastKnownFileType = sourcecode.swift; path = SwiftUI_ScrollList_1App.swift; sourceTree = "<group>"; };
		32CB01FE2E17CBC7007E76FE /* ContentView.swift */ = {isa = PBXFileReference; lastKnownFileType = sourcecode.swift; path = ContentView.swift; sourceTree = "<group>"; };
		32CB02002E17CBC9007E76FE /* Assets.xcassets */ = {isa = PBXFileReference; lastKnownFileType = folder.assetcatalog; path = Assets.xcassets; sourceTree = "<group>"; };
		32CB02032E17CBC9007E76FE /* Preview Assets.xcassets */ = {isa = PBXFileReference; lastKnownFileType = folder.assetcatalog; path = "Preview Assets.xcassets"; sourceTree = "<group>"; };
		32CB02092E17CBC9007E76FE /* SwiftUI-ScrollList-1Tests.xctest */ = {isa = PBXFileReference; explicitFileType = wrapper.cfbundle; includeInIndex = 0; path = "SwiftUI-ScrollList-1Tests.xctest"; sourceTree = BUILT_PRODUCTS_DIR; };
		32CB020D2E17CBC9007E76FE /* SwiftUI_ScrollList_1Tests.swift */ = {isa = PBXFileReference; lastKnownFileType = sourcecode.swift; path = SwiftUI_ScrollList_1Tests.swift; sourceTree = "<group>"; };
		32CB02132E17CBC9007E76FE /* SwiftUI-ScrollList-1UITests.xctest */ = {isa = PBXFileReference; explicitFileType = wrapper.cfbundle; includeInIndex = 0; path = "SwiftUI-ScrollList-1UITests.xctest"; sourceTree = BUILT_PRODUCTS_DIR; };
		32CB02172E17CBC9007E76FE /* SwiftUI_ScrollList_1UITests.swift */ = {isa = PBXFileReference; lastKnownFileType = sourcecode.swift; path = SwiftUI_ScrollList_1UITests.swift; sourceTree = "<group>"; };
		32CB02192E17CBC9007E76FE /* SwiftUI_ScrollList_1UITestsLaunchTests.swift */ = {isa = PBXFileReference; lastKnownFileType = sourcecode.swift; path = SwiftUI_ScrollList_1UITestsLaunchTests.swift; sourceTree = "<group>"; };
/* End PBXFileReference section */

/* Begin PBXFrameworksBuildPhase section */
		32CB01F62E17CBC7007E76FE /* Frameworks */ = {
			isa = PBXFrameworksBuildPhase;
			buildActionMask = 2147483647;
			files = (
			);
			runOnlyForDeploymentPostprocessing = 0;
		};
		32CB02062E17CBC9007E76FE /* Frameworks */ = {
			isa = PBXFrameworksBuildPhase;
			buildActionMask = 2147483647;
			files = (
			);
			runOnlyForDeploymentPostprocessing = 0;
		};
		32CB02102E17CBC9007E76FE /* Frameworks */ = {
			isa = PBXFrameworksBuildPhase;
			buildActionMask = 2147483647;
			files = (
			);
			runOnlyForDeploymentPostprocessing = 0;
		};
/* End PBXFrameworksBuildPhase section */

/* Begin PBXGroup section */
		32CB01F02E17CBC7007E76FE = {
			isa = PBXGroup;
			children = (
				32CB01FB2E17CBC7007E76FE /* SwiftUI-ScrollList-1 */,
				32CB020C2E17CBC9007E76FE /* SwiftUI-ScrollList-1Tests */,
				32CB02162E17CBC9007E76FE /* SwiftUI-ScrollList-1UITests */,
				32CB01FA2E17CBC7007E76FE /* Products */,
			);
			sourceTree = "<group>";
		};
		32CB01FA2E17CBC7007E76FE /* Products */ = {
			isa = PBXGroup;
			children = (
				32CB01F92E17CBC7007E76FE /* SwiftUI-ScrollList-1.app */,
				32CB02092E17CBC9007E76FE /* SwiftUI-ScrollList-1Tests.xctest */,
				32CB02132E17CBC9007E76FE /* SwiftUI-ScrollList-1UITests.xctest */,
			);
			name = Products;
			sourceTree = "<group>";
		};
		32CB01FB2E17CBC7007E76FE /* SwiftUI-ScrollList-1 */ = {
			isa = PBXGroup;
			children = (
				32CB01FC2E17CBC7007E76FE /* SwiftUI_ScrollList_1App.swift */,
				32CB01FE2E17CBC7007E76FE /* ContentView.swift */,
				32CB02002E17CBC9007E76FE /* Assets.xcassets */,
				32CB02022E17CBC9007E76FE /* Preview Content */,
			);
			path = "SwiftUI-ScrollList-1";
			sourceTree = "<group>";
		};
		32CB02022E17CBC9007E76FE /* Preview Content */ = {
			isa = PBXGroup;
			children = (
				32CB02032E17CBC9007E76FE /* Preview Assets.xcassets */,
			);
			path = "Preview Content";
			sourceTree = "<group>";
		};
		32CB020C2E17CBC9007E76FE /* SwiftUI-ScrollList-1Tests */ = {
			isa = PBXGroup;
			children = (
				32CB020D2E17CBC9007E76FE /* SwiftUI_ScrollList_1Tests.swift */,
			);
			path = "SwiftUI-ScrollList-1Tests";
			sourceTree = "<group>";
		};
		32CB02162E17CBC9007E76FE /* SwiftUI-ScrollList-1UITests */ = {
			isa = PBXGroup;
			children = (
				32CB02172E17CBC9007E76FE /* SwiftUI_ScrollList_1UITests.swift */,
				32CB02192E17CBC9007E76FE /* SwiftUI_ScrollList_1UITestsLaunchTests.swift */,
			);
			path = "SwiftUI-ScrollList-1UITests";
			sourceTree = "<group>";
		};
/* End PBXGroup section */

/* Begin PBXNativeTarget section */
		32CB01F82E17CBC7007E76FE /* SwiftUI-ScrollList-1 */ = {
			isa = PBXNativeTarget;
			buildConfigurationList = 32CB021D2E17CBC9007E76FE /* Build configuration list for PBXNativeTarget "SwiftUI-ScrollList-1" */;
			buildPhases = (
				32CB01F52E17CBC7007E76FE /* Sources */,
				32CB01F62E17CBC7007E76FE /* Frameworks */,
				32CB01F72E17CBC7007E76FE /* Resources */,
			);
			buildRules = (
			);
			dependencies = (
			);
			name = "SwiftUI-ScrollList-1";
			productName = "SwiftUI-ScrollList-1";
			productReference = 32CB01F92E17CBC7007E76FE /* SwiftUI-ScrollList-1.app */;
			productType = "com.apple.product-type.application";
		};
		32CB02082E17CBC9007E76FE /* SwiftUI-ScrollList-1Tests */ = {
			isa = PBXNativeTarget;
			buildConfigurationList = 32CB02202E17CBC9007E76FE /* Build configuration list for PBXNativeTarget "SwiftUI-ScrollList-1Tests" */;
			buildPhases = (
				32CB02052E17CBC9007E76FE /* Sources */,
				32CB02062E17CBC9007E76FE /* Frameworks */,
				32CB02072E17CBC9007E76FE /* Resources */,
			);
			buildRules = (
			);
			dependencies = (
				32CB020B2E17CBC9007E76FE /* PBXTargetDependency */,
			);
			name = "SwiftUI-ScrollList-1Tests";
			productName = "SwiftUI-ScrollList-1Tests";
			productReference = 32CB02092E17CBC9007E76FE /* SwiftUI-ScrollList-1Tests.xctest */;
			productType = "com.apple.product-type.bundle.unit-test";
		};
		32CB02122E17CBC9007E76FE /* SwiftUI-ScrollList-1UITests */ = {
			isa = PBXNativeTarget;
			buildConfigurationList = 32CB02232E17CBC9007E76FE /* Build configuration list for PBXNativeTarget "SwiftUI-ScrollList-1UITests" */;
			buildPhases = (
				32CB020F2E17CBC9007E76FE /* Sources */,
				32CB02102E17CBC9007E76FE /* Frameworks */,
				32CB02112E17CBC9007E76FE /* Resources */,
			);
			buildRules = (
			);
			dependencies = (
				32CB02152E17CBC9007E76FE /* PBXTargetDependency */,
			);
			name = "SwiftUI-ScrollList-1UITests";
			productName = "SwiftUI-ScrollList-1UITests";
			productReference = 32CB02132E17CBC9007E76FE /* SwiftUI-ScrollList-1UITests.xctest */;
			productType = "com.apple.product-type.bundle.ui-testing";
		};
/* End PBXNativeTarget section */

/* Begin PBXProject section */
		32CB01F12E17CBC7007E76FE /* Project object */ = {
			isa = PBXProject;
			attributes = {
				BuildIndependentTargetsInParallel = 1;
				LastSwiftUpdateCheck = 1540;
				LastUpgradeCheck = 1540;
				TargetAttributes = {
					32CB01F82E17CBC7007E76FE = {
						CreatedOnToolsVersion = 15.4;
					};
					32CB02082E17CBC9007E76FE = {
						CreatedOnToolsVersion = 15.4;
						TestTargetID = 32CB01F82E17CBC7007E76FE;
					};
					32CB02122E17CBC9007E76FE = {
						CreatedOnToolsVersion = 15.4;
						TestTargetID = 32CB01F82E17CBC7007E76FE;
					};
				};
			};
			buildConfigurationList = 32CB01F42E17CBC7007E76FE /* Build configuration list for PBXProject "SwiftUI-ScrollList-1" */;
			compatibilityVersion = "Xcode 14.0";
			developmentRegion = en;
			hasScannedForEncodings = 0;
			knownRegions = (
				en,
				Base,
			);
			mainGroup = 32CB01F02E17CBC7007E76FE;
			productRefGroup = 32CB01FA2E17CBC7007E76FE /* Products */;
			projectDirPath = "";
			projectRoot = "";
			targets = (
				32CB01F82E17CBC7007E76FE /* SwiftUI-ScrollList-1 */,
				32CB02082E17CBC9007E76FE /* SwiftUI-ScrollList-1Tests */,
				32CB02122E17CBC9007E76FE /* SwiftUI-ScrollList-1UITests */,
			);
		};
/* End PBXProject section */

/* Begin PBXResourcesBuildPhase section */
		32CB01F72E17CBC7007E76FE /* Resources */ = {
			isa = PBXResourcesBuildPhase;
			buildActionMask = 2147483647;
			files = (
				32CB02042E17CBC9007E76FE /* Preview Assets.xcassets in Resources */,
				32CB02012E17CBC9007E76FE /* Assets.xcassets in Resources */,
			);
			runOnlyForDeploymentPostprocessing = 0;
		};
		32CB02072E17CBC9007E76FE /* Resources */ = {
			isa = PBXResourcesBuildPhase;
			buildActionMask = 2147483647;
			files = (
			);
			runOnlyForDeploymentPostprocessing = 0;
		};
		32CB02112E17CBC9007E76FE /* Resources */ = {
			isa = PBXResourcesBuildPhase;
			buildActionMask = 2147483647;
			files = (
			);
			runOnlyForDeploymentPostprocessing = 0;
		};
/* End PBXResourcesBuildPhase section */

/* Begin PBXSourcesBuildPhase section */
		32CB01F52E17CBC7007E76FE /* Sources */ = {
			isa = PBXSourcesBuildPhase;
			buildActionMask = 2147483647;
			files = (
				32CB01FF2E17CBC7007E76FE /* ContentView.swift in Sources */,
				32CB01FD2E17CBC7007E76FE /* SwiftUI_ScrollList_1App.swift in Sources */,
			);
			runOnlyForDeploymentPostprocessing = 0;
		};
		32CB02052E17CBC9007E76FE /* Sources */ = {
			isa = PBXSourcesBuildPhase;
			buildActionMask = 2147483647;
			files = (
				32CB020E2E17CBC9007E76FE /* SwiftUI_ScrollList_1Tests.swift in Sources */,
			);
			runOnlyForDeploymentPostprocessing = 0;
		};
		32CB020F2E17CBC9007E76FE /* Sources */ = {
			isa = PBXSourcesBuildPhase;
			buildActionMask = 2147483647;
			files = (
				32CB02182E17CBC9007E76FE /* SwiftUI_ScrollList_1UITests.swift in Sources */,
				32CB021A2E17CBC9007E76FE /* SwiftUI_ScrollList_1UITestsLaunchTests.swift in Sources */,
			);
			runOnlyForDeploymentPostprocessing = 0;
		};
/* End PBXSourcesBuildPhase section */

/* Begin PBXTargetDependency section */
		32CB020B2E17CBC9007E76FE /* PBXTargetDependency */ = {
			isa = PBXTargetDependency;
			target = 32CB01F82E17CBC7007E76FE /* SwiftUI-ScrollList-1 */;
			targetProxy = 32CB020A2E17CBC9007E76FE /* PBXContainerItemProxy */;
		};
		32CB02152E17CBC9007E76FE /* PBXTargetDependency */ = {
			isa = PBXTargetDependency;
			target = 32CB01F82E17CBC7007E76FE /* SwiftUI-ScrollList-1 */;
			targetProxy = 32CB02142E17CBC9007E76FE /* PBXContainerItemProxy */;
		};
/* End PBXTargetDependency section */

/* Begin XCBuildConfiguration section */
		32CB021B2E17CBC9007E76FE /* Debug */ = {
			isa = XCBuildConfiguration;
			buildSettings = {
				ALWAYS_SEARCH_USER_PATHS = NO;
				ASSETCATALOG_COMPILER_GENERATE_SWIFT_ASSET_SYMBOL_EXTENSIONS = YES;
				CLANG_ANALYZER_NONNULL = YES;
				CLANG_ANALYZER_NUMBER_OBJECT_CONVERSION = YES_AGGRESSIVE;
				CLANG_CXX_LANGUAGE_STANDARD = "gnu++20";
				CLANG_ENABLE_MODULES = YES;
				CLANG_ENABLE_OBJC_ARC = YES;
				CLANG_ENABLE_OBJC_WEAK = YES;
				CLANG_WARN_BLOCK_CAPTURE_AUTORELEASING = YES;
				CLANG_WARN_BOOL_CONVERSION = YES;
				CLANG_WARN_COMMA = YES;
				CLANG_WARN_CONSTANT_CONVERSION = YES;
				CLANG_WARN_DEPRECATED_OBJC_IMPLEMENTATIONS = YES;
				CLANG_WARN_DIRECT_OBJC_ISA_USAGE = YES_ERROR;
				CLANG_WARN_DOCUMENTATION_COMMENTS = YES;
				CLANG_WARN_EMPTY_BODY = YES;
				CLANG_WARN_ENUM_CONVERSION = YES;
				CLANG_WARN_INFINITE_RECURSION = YES;
				CLANG_WARN_INT_CONVERSION = YES;
				CLANG_WARN_NON_LITERAL_NULL_CONVERSION = YES;
				CLANG_WARN_OBJC_IMPLICIT_RETAIN_SELF = YES;
				CLANG_WARN_OBJC_LITERAL_CONVERSION = YES;
				CLANG_WARN_OBJC_ROOT_CLASS = YES_ERROR;
				CLANG_WARN_QUOTED_INCLUDE_IN_FRAMEWORK_HEADER = YES;
				CLANG_WARN_RANGE_LOOP_ANALYSIS = YES;
				CLANG_WARN_STRICT_PROTOTYPES = YES;
				CLANG_WARN_SUSPICIOUS_MOVE = YES;
				CLANG_WARN_UNGUARDED_AVAILABILITY = YES_AGGRESSIVE;
				CLANG_WARN_UNREACHABLE_CODE = YES;
				CLANG_WARN__DUPLICATE_METHOD_MATCH = YES;
				COPY_PHASE_STRIP = NO;
				DEBUG_INFORMATION_FORMAT = dwarf;
				ENABLE_STRICT_OBJC_MSGSEND = YES;
				ENABLE_TESTABILITY = YES;
				ENABLE_USER_SCRIPT_SANDBOXING = YES;
				GCC_C_LANGUAGE_STANDARD = gnu17;
				GCC_DYNAMIC_NO_PIC = NO;
				GCC_NO_COMMON_BLOCKS = YES;
				GCC_OPTIMIZATION_LEVEL = 0;
				GCC_PREPROCESSOR_DEFINITIONS = (
					"DEBUG=1",
					"$(inherited)",
				);
				GCC_WARN_64_TO_32_BIT_CONVERSION = YES;
				GCC_WARN_ABOUT_RETURN_TYPE = YES_ERROR;
				GCC_WARN_UNDECLARED_SELECTOR = YES;
				GCC_WARN_UNINITIALIZED_AUTOS = YES_AGGRESSIVE;
				GCC_WARN_UNUSED_FUNCTION = YES;
				GCC_WARN_UNUSED_VARIABLE = YES;
				IPHONEOS_DEPLOYMENT_TARGET = 17.5;
				LOCALIZATION_PREFERS_STRING_CATALOGS = YES;
				MTL_ENABLE_DEBUG_INFO = INCLUDE_SOURCE;
				MTL_FAST_MATH = YES;
				ONLY_ACTIVE_ARCH = YES;
				SDKROOT = iphoneos;
				SWIFT_ACTIVE_COMPILATION_CONDITIONS = "DEBUG $(inherited)";
				SWIFT_OPTIMIZATION_LEVEL = "-Onone";
			};
			name = Debug;
		};
		32CB021C2E17CBC9007E76FE /* Release */ = {
			isa = XCBuildConfiguration;
			buildSettings = {
				ALWAYS_SEARCH_USER_PATHS = NO;
				ASSETCATALOG_COMPILER_GENERATE_SWIFT_ASSET_SYMBOL_EXTENSIONS = YES;
				CLANG_ANALYZER_NONNULL = YES;
				CLANG_ANALYZER_NUMBER_OBJECT_CONVERSION = YES_AGGRESSIVE;
				CLANG_CXX_LANGUAGE_STANDARD = "gnu++20";
				CLANG_ENABLE_MODULES = YES;
				CLANG_ENABLE_OBJC_ARC = YES;
				CLANG_ENABLE_OBJC_WEAK = YES;
				CLANG_WARN_BLOCK_CAPTURE_AUTORELEASING = YES;
				CLANG_WARN_BOOL_CONVERSION = YES;
				CLANG_WARN_COMMA = YES;
				CLANG_WARN_CONSTANT_CONVERSION = YES;
				CLANG_WARN_DEPRECATED_OBJC_IMPLEMENTATIONS = YES;
				CLANG_WARN_DIRECT_OBJC_ISA_USAGE = YES_ERROR;
				CLANG_WARN_DOCUMENTATION_COMMENTS = YES;
				CLANG_WARN_EMPTY_BODY = YES;
				CLANG_WARN_ENUM_CONVERSION = YES;
				CLANG_WARN_INFINITE_RECURSION = YES;
				CLANG_WARN_INT_CONVERSION = YES;
				CLANG_WARN_NON_LITERAL_NULL_CONVERSION = YES;
				CLANG_WARN_OBJC_IMPLICIT_RETAIN_SELF = YES;
				CLANG_WARN_OBJC_LITERAL_CONVERSION = YES;
				CLANG_WARN_OBJC_ROOT_CLASS = YES_ERROR;
				CLANG_WARN_QUOTED_INCLUDE_IN_FRAMEWORK_HEADER = YES;
				CLANG_WARN_RANGE_LOOP_ANALYSIS = YES;
				CLANG_WARN_STRICT_PROTOTYPES = YES;
				CLANG_WARN_SUSPICIOUS_MOVE = YES;
				CLANG_WARN_UNGUARDED_AVAILABILITY = YES_AGGRESSIVE;
				CLANG_WARN_UNREACHABLE_CODE = YES;
				CLANG_WARN__DUPLICATE_METHOD_MATCH = YES;
				COPY_PHASE_STRIP = NO;
				DEBUG_INFORMATION_FORMAT = "dwarf-with-dsym";
				ENABLE_NS_ASSERTIONS = NO;
				ENABLE_STRICT_OBJC_MSGSEND = YES;
				ENABLE_USER_SCRIPT_SANDBOXING = YES;
				GCC_C_LANGUAGE_STANDARD = gnu17;
				GCC_NO_COMMON_BLOCKS = YES;
				GCC_WARN_64_TO_32_BIT_CONVERSION = YES;
				GCC_WARN_ABOUT_RETURN_TYPE = YES_ERROR;
				GCC_WARN_UNDECLARED_SELECTOR = YES;
				GCC_WARN_UNINITIALIZED_AUTOS = YES_AGGRESSIVE;
				GCC_WARN_UNUSED_FUNCTION = YES;
				GCC_WARN_UNUSED_VARIABLE = YES;
				IPHONEOS_DEPLOYMENT_TARGET = 17.5;
				LOCALIZATION_PREFERS_STRING_CATALOGS = YES;
				MTL_ENABLE_DEBUG_INFO = NO;
				MTL_FAST_MATH = YES;
				SDKROOT = iphoneos;
				SWIFT_COMPILATION_MODE = wholemodule;
				VALIDATE_PRODUCT = YES;
			};
			name = Release;
		};
		32CB021E2E17CBC9007E76FE /* Debug */ = {
			isa = XCBuildConfiguration;
			buildSettings = {
				ASSETCATALOG_COMPILER_APPICON_NAME = AppIcon;
				ASSETCATALOG_COMPILER_GLOBAL_ACCENT_COLOR_NAME = AccentColor;
				CODE_SIGN_STYLE = Automatic;
				CURRENT_PROJECT_VERSION = 1;
				DEVELOPMENT_ASSET_PATHS = "\"SwiftUI-ScrollList-1/Preview Content\"";
				DEVELOPMENT_TEAM = LTMY3BZT5A;
				ENABLE_PREVIEWS = YES;
				GENERATE_INFOPLIST_FILE = YES;
				INFOPLIST_KEY_UIApplicationSceneManifest_Generation = YES;
				INFOPLIST_KEY_UIApplicationSupportsIndirectInputEvents = YES;
				INFOPLIST_KEY_UILaunchScreen_Generation = YES;
				INFOPLIST_KEY_UISupportedInterfaceOrientations_iPad = "UIInterfaceOrientationPortrait UIInterfaceOrientationPortraitUpsideDown UIInterfaceOrientationLandscapeLeft UIInterfaceOrientationLandscapeRight";
				INFOPLIST_KEY_UISupportedInterfaceOrientations_iPhone = "UIInterfaceOrientationPortrait UIInterfaceOrientationLandscapeLeft UIInterfaceOrientationLandscapeRight";
				LD_RUNPATH_SEARCH_PATHS = (
					"$(inherited)",
					"@executable_path/Frameworks",
				);
				MARKETING_VERSION = 1.0;
				PRODUCT_BUNDLE_IDENTIFIER = "com.bonbon.SwiftUI-ScrollList-1";
				PRODUCT_NAME = "$(TARGET_NAME)";
				SWIFT_EMIT_LOC_STRINGS = YES;
				SWIFT_VERSION = 5.0;
				TARGETED_DEVICE_FAMILY = "1,2";
			};
			name = Debug;
		};
		32CB021F2E17CBC9007E76FE /* Release */ = {
			isa = XCBuildConfiguration;
			buildSettings = {
				ASSETCATALOG_COMPILER_APPICON_NAME = AppIcon;
				ASSETCATALOG_COMPILER_GLOBAL_ACCENT_COLOR_NAME = AccentColor;
				CODE_SIGN_STYLE = Automatic;
				CURRENT_PROJECT_VERSION = 1;
				DEVELOPMENT_ASSET_PATHS = "\"SwiftUI-ScrollList-1/Preview Content\"";
				DEVELOPMENT_TEAM = LTMY3BZT5A;
				ENABLE_PREVIEWS = YES;
				GENERATE_INFOPLIST_FILE = YES;
				INFOPLIST_KEY_UIApplicationSceneManifest_Generation = YES;
				INFOPLIST_KEY_UIApplicationSupportsIndirectInputEvents = YES;
				INFOPLIST_KEY_UILaunchScreen_Generation = YES;
				INFOPLIST_KEY_UISupportedInterfaceOrientations_iPad = "UIInterfaceOrientationPortrait UIInterfaceOrientationPortraitUpsideDown UIInterfaceOrientationLandscapeLeft UIInterfaceOrientationLandscapeRight";
				INFOPLIST_KEY_UISupportedInterfaceOrientations_iPhone = "UIInterfaceOrientationPortrait UIInterfaceOrientationLandscapeLeft UIInterfaceOrientationLandscapeRight";
				LD_RUNPATH_SEARCH_PATHS = (
					"$(inherited)",
					"@executable_path/Frameworks",
				);
				MARKETING_VERSION = 1.0;
				PRODUCT_BUNDLE_IDENTIFIER = "com.bonbon.SwiftUI-ScrollList-1";
				PRODUCT_NAME = "$(TARGET_NAME)";
				SWIFT_EMIT_LOC_STRINGS = YES;
				SWIFT_VERSION = 5.0;
				TARGETED_DEVICE_FAMILY = "1,2";
			};
			name = Release;
		};
		32CB02212E17CBC9007E76FE /* Debug */ = {
			isa = XCBuildConfiguration;
			buildSettings = {
				ALWAYS_EMBED_SWIFT_STANDARD_LIBRARIES = YES;
				BUNDLE_LOADER = "$(TEST_HOST)";
				CODE_SIGN_STYLE = Automatic;
				CURRENT_PROJECT_VERSION = 1;
				DEVELOPMENT_TEAM = LTMY3BZT5A;
				GENERATE_INFOPLIST_FILE = YES;
				IPHONEOS_DEPLOYMENT_TARGET = 17.5;
				MARKETING_VERSION = 1.0;
				PRODUCT_BUNDLE_IDENTIFIER = "com.bonbon.SwiftUI-ScrollList-1Tests";
				PRODUCT_NAME = "$(TARGET_NAME)";
				SWIFT_EMIT_LOC_STRINGS = NO;
				SWIFT_VERSION = 5.0;
				TARGETED_DEVICE_FAMILY = "1,2";
				TEST_HOST = "$(BUILT_PRODUCTS_DIR)/SwiftUI-ScrollList-1.app/$(BUNDLE_EXECUTABLE_FOLDER_PATH)/SwiftUI-ScrollList-1";
			};
			name = Debug;
		};
		32CB02222E17CBC9007E76FE /* Release */ = {
			isa = XCBuildConfiguration;
			buildSettings = {
				ALWAYS_EMBED_SWIFT_STANDARD_LIBRARIES = YES;
				BUNDLE_LOADER = "$(TEST_HOST)";
				CODE_SIGN_STYLE = Automatic;
				CURRENT_PROJECT_VERSION = 1;
				DEVELOPMENT_TEAM = LTMY3BZT5A;
				GENERATE_INFOPLIST_FILE = YES;
				IPHONEOS_DEPLOYMENT_TARGET = 17.5;
				MARKETING_VERSION = 1.0;
				PRODUCT_BUNDLE_IDENTIFIER = "com.bonbon.SwiftUI-ScrollList-1Tests";
				PRODUCT_NAME = "$(TARGET_NAME)";
				SWIFT_EMIT_LOC_STRINGS = NO;
				SWIFT_VERSION = 5.0;
				TARGETED_DEVICE_FAMILY = "1,2";
				TEST_HOST = "$(BUILT_PRODUCTS_DIR)/SwiftUI-ScrollList-1.app/$(BUNDLE_EXECUTABLE_FOLDER_PATH)/SwiftUI-ScrollList-1";
			};
			name = Release;
		};
		32CB02242E17CBC9007E76FE /* Debug */ = {
			isa = XCBuildConfiguration;
			buildSettings = {
				ALWAYS_EMBED_SWIFT_STANDARD_LIBRARIES = YES;
				CODE_SIGN_STYLE = Automatic;
				CURRENT_PROJECT_VERSION = 1;
				DEVELOPMENT_TEAM = LTMY3BZT5A;
				GENERATE_INFOPLIST_FILE = YES;
				MARKETING_VERSION = 1.0;
				PRODUCT_BUNDLE_IDENTIFIER = "com.bonbon.SwiftUI-ScrollList-1UITests";
				PRODUCT_NAME = "$(TARGET_NAME)";
				SWIFT_EMIT_LOC_STRINGS = NO;
				SWIFT_VERSION = 5.0;
				TARGETED_DEVICE_FAMILY = "1,2";
				TEST_TARGET_NAME = "SwiftUI-ScrollList-1";
			};
			name = Debug;
		};
		32CB02252E17CBC9007E76FE /* Release */ = {
			isa = XCBuildConfiguration;
			buildSettings = {
				ALWAYS_EMBED_SWIFT_STANDARD_LIBRARIES = YES;
				CODE_SIGN_STYLE = Automatic;
				CURRENT_PROJECT_VERSION = 1;
				DEVELOPMENT_TEAM = LTMY3BZT5A;
				GENERATE_INFOPLIST_FILE = YES;
				MARKETING_VERSION = 1.0;
				PRODUCT_BUNDLE_IDENTIFIER = "com.bonbon.SwiftUI-ScrollList-1UITests";
				PRODUCT_NAME = "$(TARGET_NAME)";
				SWIFT_EMIT_LOC_STRINGS = NO;
				SWIFT_VERSION = 5.0;
				TARGETED_DEVICE_FAMILY = "1,2";
				TEST_TARGET_NAME = "SwiftUI-ScrollList-1";
			};
			name = Release;
		};
/* End XCBuildConfiguration section */

/* Begin XCConfigurationList section */
		32CB01F42E17CBC7007E76FE /* Build configuration list for PBXProject "SwiftUI-ScrollList-1" */ = {
			isa = XCConfigurationList;
			buildConfigurations = (
				32CB021B2E17CBC9007E76FE /* Debug */,
				32CB021C2E17CBC9007E76FE /* Release */,
			);
			defaultConfigurationIsVisible = 0;
			defaultConfigurationName = Release;
		};
		32CB021D2E17CBC9007E76FE /* Build configuration list for PBXNativeTarget "SwiftUI-ScrollList-1" */ = {
			isa = XCConfigurationList;
			buildConfigurations = (
				32CB021E2E17CBC9007E76FE /* Debug */,
				32CB021F2E17CBC9007E76FE /* Release */,
			);
			defaultConfigurationIsVisible = 0;
			defaultConfigurationName = Release;
		};
		32CB02202E17CBC9007E76FE /* Build configuration list for PBXNativeTarget "SwiftUI-ScrollList-1Tests" */ = {
			isa = XCConfigurationList;
			buildConfigurations = (
				32CB02212E17CBC9007E76FE /* Debug */,
				32CB02222E17CBC9007E76FE /* Release */,
			);
			defaultConfigurationIsVisible = 0;
			defaultConfigurationName = Release;
		};
		32CB02232E17CBC9007E76FE /* Build configuration list for PBXNativeTarget "SwiftUI-ScrollList-1UITests" */ = {
			isa = XCConfigurationList;
			buildConfigurations = (
				32CB02242E17CBC9007E76FE /* Debug */,
				32CB02252E17CBC9007E76FE /* Release */,
			);
			defaultConfigurationIsVisible = 0;
			defaultConfigurationName = Release;
		};
/* End XCConfigurationList section */
	};
	rootObject = 32CB01F12E17CBC7007E76FE /* Project object */;
}
